
Microsoft Visual Studio Solution File, Format Version 12.00
# Visual Studio 15
VisualStudioVersion = 15.0.27703.2042
MinimumVisualStudioVersion = 10.0.40219.1
Project("{FAE04EC0-301F-11D3-BF4B-00C04F79EFBC}") = "DailyProgrammer358", "DailyProgrammer358\DailyProgrammer358.csproj", "{1B69306A-763F-414A-AEFF-EBB48B7DBDE0}"
EndProject
Global
	GlobalSection(SolutionConfigurationPlatforms) = preSolution
		Debug|Any CPU = Debug|Any CPU
		Release|Any CPU = Release|Any CPU
	EndGlobalSection
	GlobalSection(ProjectConfigurationPlatforms) = postSolution
		{1B69306A-763F-414A-AEFF-EBB48B7DBDE0}.Debug|Any CPU.ActiveCfg = Debug|Any CPU
		{1B69306A-763F-414A-AEFF-EBB48B7DBDE0}.Debug|Any CPU.Build.0 = Debug|Any CPU
		{1B69306A-763F-414A-AEFF-EBB48B7DBDE0}.Release|Any CPU.ActiveCfg = Release|Any CPU
		{1B69306A-763F-414A-AEFF-EBB48B7DBDE0}.Release|Any CPU.Build.0 = Release|Any CPU
	EndGlobalSection
	GlobalSection(SolutionProperties) = preSolution
		HideSolutionNode = FALSE
	EndGlobalSection
	GlobalSection(ExtensibilityGlobals) = postSolution
		SolutionGuid = {1E1FB116-1A49-4EC5-AC2B-FCC1F6AF5DF4}
	EndGlobalSection
EndGlobal
